// !$*UTF8*$!
{
	archiveVersion = 1;
	classes = {
	};
	objectVersion = 46;
	objects = {

/* Begin PBXBuildFile section */
		9606C7BB1D578A2200E7FC8F /* food.png in Resources */ = {isa = PBXBuildFile; fileRef = 9606C7BA1D578A2200E7FC8F /* food.png */; };
		9606C7BF1D57919B00E7FC8F /* toy.png in Resources */ = {isa = PBXBuildFile; fileRef = 9606C7BE1D57919B00E7FC8F /* toy.png */; };
		9606C7C11D5791FE00E7FC8F /* walk.png in Resources */ = {isa = PBXBuildFile; fileRef = 9606C7C01D5791FE00E7FC8F /* walk.png */; };
		964E12551D57775600A76B4F /* Selection.swift in Sources */ = {isa = PBXBuildFile; fileRef = 964E12541D57775600A76B4F /* Selection.swift */; };
		96A22D081D56884300CB8414 /* AppDelegate.swift in Sources */ = {isa = PBXBuildFile; fileRef = 96A22D071D56884300CB8414 /* AppDelegate.swift */; };
		96A22D0A1D56884300CB8414 /* ViewController.swift in Sources */ = {isa = PBXBuildFile; fileRef = 96A22D091D56884300CB8414 /* ViewController.swift */; };
		96A22D0D1D56884300CB8414 /* Main.storyboard in Resources */ = {isa = PBXBuildFile; fileRef = 96A22D0B1D56884300CB8414 /* Main.storyboard */; };
		96A22D101D56884300CB8414 /* ProjectTouchiOS.xcdatamodeld in Sources */ = {isa = PBXBuildFile; fileRef = 96A22D0E1D56884300CB8414 /* ProjectTouchiOS.xcdatamodeld */; };
		96A22D121D56884300CB8414 /* Assets.xcassets in Resources */ = {isa = PBXBuildFile; fileRef = 96A22D111D56884300CB8414 /* Assets.xcassets */; };
		96A22D151D56884300CB8414 /* LaunchScreen.storyboard in Resources */ = {isa = PBXBuildFile; fileRef = 96A22D131D56884300CB8414 /* LaunchScreen.storyboard */; };
		96A22D201D56884300CB8414 /* ProjectTouchiOSTests.swift in Sources */ = {isa = PBXBuildFile; fileRef = 96A22D1F1D56884300CB8414 /* ProjectTouchiOSTests.swift */; };
		96A22D2B1D56884300CB8414 /* ProjectTouchiOSUITests.swift in Sources */ = {isa = PBXBuildFile; fileRef = 96A22D2A1D56884300CB8414 /* ProjectTouchiOSUITests.swift */; };
/* End PBXBuildFile section */

/* Begin PBXContainerItemProxy section */
		96A22D1C1D56884300CB8414 /* PBXContainerItemProxy */ = {
			isa = PBXContainerItemProxy;
			containerPortal = 96A22CFC1D56884300CB8414 /* Project object */;
			proxyType = 1;
			remoteGlobalIDString = 96A22D031D56884300CB8414;
			remoteInfo = ProjectTouchiOS;
		};
		96A22D271D56884300CB8414 /* PBXContainerItemProxy */ = {
			isa = PBXContainerItemProxy;
			containerPortal = 96A22CFC1D56884300CB8414 /* Project object */;
			proxyType = 1;
			remoteGlobalIDString = 96A22D031D56884300CB8414;
			remoteInfo = ProjectTouchiOS;
		};
/* End PBXContainerItemProxy section */

/* Begin PBXFileReference section */
		9606C7BA1D578A2200E7FC8F /* food.png */ = {isa = PBXFileReference; lastKnownFileType = image.png; path = food.png; sourceTree = "<group>"; };
		9606C7BE1D57919B00E7FC8F /* toy.png */ = {isa = PBXFileReference; lastKnownFileType = image.png; path = toy.png; sourceTree = "<group>"; };
		9606C7C01D5791FE00E7FC8F /* walk.png */ = {isa = PBXFileReference; lastKnownFileType = image.png; path = walk.png; sourceTree = "<group>"; };
		964E12541D57775600A76B4F /* Selection.swift */ = {isa = PBXFileReference; fileEncoding = 4; lastKnownFileType = sourcecode.swift; path = Selection.swift; sourceTree = "<group>"; };
		96A22D041D56884300CB8414 /* ProjectTouchiOS.app */ = {isa = PBXFileReference; explicitFileType = wrapper.application; includeInIndex = 0; path = ProjectTouchiOS.app; sourceTree = BUILT_PRODUCTS_DIR; };
		96A22D071D56884300CB8414 /* AppDelegate.swift */ = {isa = PBXFileReference; lastKnownFileType = sourcecode.swift; path = AppDelegate.swift; sourceTree = "<group>"; };
		96A22D091D56884300CB8414 /* ViewController.swift */ = {isa = PBXFileReference; lastKnownFileType = sourcecode.swift; path = ViewController.swift; sourceTree = "<group>"; };
		96A22D0C1D56884300CB8414 /* Base */ = {isa = PBXFileReference; lastKnownFileType = file.storyboard; name = Base; path = Base.lproj/Main.storyboard; sourceTree = "<group>"; };
		96A22D0F1D56884300CB8414 /* ProjectTouchiOS.xcdatamodel */ = {isa = PBXFileReference; lastKnownFileType = wrapper.xcdatamodel; path = ProjectTouchiOS.xcdatamodel; sourceTree = "<group>"; };
		96A22D111D56884300CB8414 /* Assets.xcassets */ = {isa = PBXFileReference; lastKnownFileType = folder.assetcatalog; path = Assets.xcassets; sourceTree = "<group>"; };
		96A22D141D56884300CB8414 /* Base */ = {isa = PBXFileReference; lastKnownFileType = file.storyboard; name = Base; path = Base.lproj/LaunchScreen.storyboard; sourceTree = "<group>"; };
		96A22D161D56884300CB8414 /* Info.plist */ = {isa = PBXFileReference; lastKnownFileType = text.plist.xml; path = Info.plist; sourceTree = "<group>"; };
		96A22D1B1D56884300CB8414 /* ProjectTouchiOSTests.xctest */ = {isa = PBXFileReference; explicitFileType = wrapper.cfbundle; includeInIndex = 0; path = ProjectTouchiOSTests.xctest; sourceTree = BUILT_PRODUCTS_DIR; };
		96A22D1F1D56884300CB8414 /* ProjectTouchiOSTests.swift */ = {isa = PBXFileReference; lastKnownFileType = sourcecode.swift; path = ProjectTouchiOSTests.swift; sourceTree = "<group>"; };
		96A22D211D56884300CB8414 /* Info.plist */ = {isa = PBXFileReference; lastKnownFileType = text.plist.xml; path = Info.plist; sourceTree = "<group>"; };
		96A22D261D56884300CB8414 /* ProjectTouchiOSUITests.xctest */ = {isa = PBXFileReference; explicitFileType = wrapper.cfbundle; includeInIndex = 0; path = ProjectTouchiOSUITests.xctest; sourceTree = BUILT_PRODUCTS_DIR; };
		96A22D2A1D56884300CB8414 /* ProjectTouchiOSUITests.swift */ = {isa = PBXFileReference; lastKnownFileType = sourcecode.swift; path = ProjectTouchiOSUITests.swift; sourceTree = "<group>"; };
		96A22D2C1D56884300CB8414 /* Info.plist */ = {isa = PBXFileReference; lastKnownFileType = text.plist.xml; path = Info.plist; sourceTree = "<group>"; };
/* End PBXFileReference section */

/* Begin PBXFrameworksBuildPhase section */
		96A22D011D56884300CB8414 /* Frameworks */ = {
			isa = PBXFrameworksBuildPhase;
			buildActionMask = 2147483647;
			files = (
			);
			runOnlyForDeploymentPostprocessing = 0;
		};
		96A22D181D56884300CB8414 /* Frameworks */ = {
			isa = PBXFrameworksBuildPhase;
			buildActionMask = 2147483647;
			files = (
			);
			runOnlyForDeploymentPostprocessing = 0;
		};
		96A22D231D56884300CB8414 /* Frameworks */ = {
			isa = PBXFrameworksBuildPhase;
			buildActionMask = 2147483647;
			files = (
			);
			runOnlyForDeploymentPostprocessing = 0;
		};
/* End PBXFrameworksBuildPhase section */

/* Begin PBXGroup section */
		9606C7BC1D57914600E7FC8F /* Assets */ = {
			isa = PBXGroup;
			children = (
				9606C7BD1D57915200E7FC8F /* Photos */,
			);
			name = Assets;
			sourceTree = "<group>";
		};
		9606C7BD1D57915200E7FC8F /* Photos */ = {
			isa = PBXGroup;
			children = (
				9606C7BE1D57919B00E7FC8F /* toy.png */,
				9606C7C01D5791FE00E7FC8F /* walk.png */,
				9606C7BA1D578A2200E7FC8F /* food.png */,
			);
			name = Photos;
			sourceTree = "<group>";
		};
		96A22CFB1D56884300CB8414 = {
			isa = PBXGroup;
			children = (
				96A22D061D56884300CB8414 /* ProjectTouchiOS */,
				96A22D1E1D56884300CB8414 /* ProjectTouchiOSTests */,
				96A22D291D56884300CB8414 /* ProjectTouchiOSUITests */,
				96A22D051D56884300CB8414 /* Products */,
			);
			sourceTree = "<group>";
		};
		96A22D051D56884300CB8414 /* Products */ = {
			isa = PBXGroup;
			children = (
				96A22D041D56884300CB8414 /* ProjectTouchiOS.app */,
				96A22D1B1D56884300CB8414 /* ProjectTouchiOSTests.xctest */,
				96A22D261D56884300CB8414 /* ProjectTouchiOSUITests.xctest */,
			);
			name = Products;
			sourceTree = "<group>";
		};
		96A22D061D56884300CB8414 /* ProjectTouchiOS */ = {
			isa = PBXGroup;
			children = (
				9606C7BC1D57914600E7FC8F /* Assets */,
				96A22D071D56884300CB8414 /* AppDelegate.swift */,
				96A22D091D56884300CB8414 /* ViewController.swift */,
				96A22D0B1D56884300CB8414 /* Main.storyboard */,
				964E12541D57775600A76B4F /* Selection.swift */,
				96A22D131D56884300CB8414 /* LaunchScreen.storyboard */,
				96A22D111D56884300CB8414 /* Assets.xcassets */,
				96A22D161D56884300CB8414 /* Info.plist */,
				96A22D0E1D56884300CB8414 /* ProjectTouchiOS.xcdatamodeld */,
			);
			path = ProjectTouchiOS;
			sourceTree = "<group>";
		};
		96A22D1E1D56884300CB8414 /* ProjectTouchiOSTests */ = {
			isa = PBXGroup;
			children = (
				96A22D1F1D56884300CB8414 /* ProjectTouchiOSTests.swift */,
				96A22D211D56884300CB8414 /* Info.plist */,
			);
			path = ProjectTouchiOSTests;
			sourceTree = "<group>";
		};
		96A22D291D56884300CB8414 /* ProjectTouchiOSUITests */ = {
			isa = PBXGroup;
			children = (
				96A22D2A1D56884300CB8414 /* ProjectTouchiOSUITests.swift */,
				96A22D2C1D56884300CB8414 /* Info.plist */,
			);
			path = ProjectTouchiOSUITests;
			sourceTree = "<group>";
		};
/* End PBXGroup section */

/* Begin PBXNativeTarget section */
		96A22D031D56884300CB8414 /* ProjectTouchiOS */ = {
			isa = PBXNativeTarget;
			buildConfigurationList = 96A22D2F1D56884300CB8414 /* Build configuration list for PBXNativeTarget "ProjectTouchiOS" */;
			buildPhases = (
				96A22D001D56884300CB8414 /* Sources */,
				96A22D011D56884300CB8414 /* Frameworks */,
				96A22D021D56884300CB8414 /* Resources */,
			);
			buildRules = (
			);
			dependencies = (
			);
			name = ProjectTouchiOS;
			productName = ProjectTouchiOS;
			productReference = 96A22D041D56884300CB8414 /* ProjectTouchiOS.app */;
			productType = "com.apple.product-type.application";
		};
		96A22D1A1D56884300CB8414 /* ProjectTouchiOSTests */ = {
			isa = PBXNativeTarget;
			buildConfigurationList = 96A22D321D56884300CB8414 /* Build configuration list for PBXNativeTarget "ProjectTouchiOSTests" */;
			buildPhases = (
				96A22D171D56884300CB8414 /* Sources */,
				96A22D181D56884300CB8414 /* Frameworks */,
				96A22D191D56884300CB8414 /* Resources */,
			);
			buildRules = (
			);
			dependencies = (
				96A22D1D1D56884300CB8414 /* PBXTargetDependency */,
			);
			name = ProjectTouchiOSTests;
			productName = ProjectTouchiOSTests;
			productReference = 96A22D1B1D56884300CB8414 /* ProjectTouchiOSTests.xctest */;
			productType = "com.apple.product-type.bundle.unit-test";
		};
		96A22D251D56884300CB8414 /* ProjectTouchiOSUITests */ = {
			isa = PBXNativeTarget;
			buildConfigurationList = 96A22D351D56884300CB8414 /* Build configuration list for PBXNativeTarget "ProjectTouchiOSUITests" */;
			buildPhases = (
				96A22D221D56884300CB8414 /* Sources */,
				96A22D231D56884300CB8414 /* Frameworks */,
				96A22D241D56884300CB8414 /* Resources */,
			);
			buildRules = (
			);
			dependencies = (
				96A22D281D56884300CB8414 /* PBXTargetDependency */,
			);
			name = ProjectTouchiOSUITests;
			productName = ProjectTouchiOSUITests;
			productReference = 96A22D261D56884300CB8414 /* ProjectTouchiOSUITests.xctest */;
			productType = "com.apple.product-type.bundle.ui-testing";
		};
/* End PBXNativeTarget section */

/* Begin PBXProject section */
		96A22CFC1D56884300CB8414 /* Project object */ = {
			isa = PBXProject;
			attributes = {
				LastSwiftUpdateCheck = 0730;
				LastUpgradeCheck = 0730;
				ORGANIZATIONNAME = "Qasim Abbas";
				TargetAttributes = {
					96A22D031D56884300CB8414 = {
						CreatedOnToolsVersion = 7.3;
						DevelopmentTeam = M8DY28XM67;
					};
					96A22D1A1D56884300CB8414 = {
						CreatedOnToolsVersion = 7.3;
						TestTargetID = 96A22D031D56884300CB8414;
					};
					96A22D251D56884300CB8414 = {
						CreatedOnToolsVersion = 7.3;
						TestTargetID = 96A22D031D56884300CB8414;
					};
				};
			};
			buildConfigurationList = 96A22CFF1D56884300CB8414 /* Build configuration list for PBXProject "ProjectTouchiOS" */;
			compatibilityVersion = "Xcode 3.2";
			developmentRegion = English;
			hasScannedForEncodings = 0;
			knownRegions = (
				en,
				Base,
			);
			mainGroup = 96A22CFB1D56884300CB8414;
			productRefGroup = 96A22D051D56884300CB8414 /* Products */;
			projectDirPath = "";
			projectRoot = "";
			targets = (
				96A22D031D56884300CB8414 /* ProjectTouchiOS */,
				96A22D1A1D56884300CB8414 /* ProjectTouchiOSTests */,
				96A22D251D56884300CB8414 /* ProjectTouchiOSUITests */,
			);
		};
/* End PBXProject section */

/* Begin PBXResourcesBuildPhase section */
		96A22D021D56884300CB8414 /* Resources */ = {
			isa = PBXResourcesBuildPhase;
			buildActionMask = 2147483647;
			files = (
				96A22D151D56884300CB8414 /* LaunchScreen.storyboard in Resources */,
				9606C7BB1D578A2200E7FC8F /* food.png in Resources */,
				96A22D121D56884300CB8414 /* Assets.xcassets in Resources */,
				9606C7C11D5791FE00E7FC8F /* walk.png in Resources */,
				9606C7BF1D57919B00E7FC8F /* toy.png in Resources */,
				96A22D0D1D56884300CB8414 /* Main.storyboard in Resources */,
			);
			runOnlyForDeploymentPostprocessing = 0;
		};
		96A22D191D56884300CB8414 /* Resources */ = {
			isa = PBXResourcesBuildPhase;
			buildActionMask = 2147483647;
			files = (
			);
			runOnlyForDeploymentPostprocessing = 0;
		};
		96A22D241D56884300CB8414 /* Resources */ = {
			isa = PBXResourcesBuildPhase;
			buildActionMask = 2147483647;
			files = (
			);
			runOnlyForDeploymentPostprocessing = 0;
		};
/* End PBXResourcesBuildPhase section */

/* Begin PBXSourcesBuildPhase section */
		96A22D001D56884300CB8414 /* Sources */ = {
			isa = PBXSourcesBuildPhase;
			buildActionMask = 2147483647;
			files = (
				964E12551D57775600A76B4F /* Selection.swift in Sources */,
				96A22D0A1D56884300CB8414 /* ViewController.swift in Sources */,
				96A22D101D56884300CB8414 /* ProjectTouchiOS.xcdatamodeld in Sources */,
				96A22D081D56884300CB8414 /* AppDelegate.swift in Sources */,
			);
			runOnlyForDeploymentPostprocessing = 0;
		};
		96A22D171D56884300CB8414 /* Sources */ = {
			isa = PBXSourcesBuildPhase;
			buildActionMask = 2147483647;
			files = (
				96A22D201D56884300CB8414 /* ProjectTouchiOSTests.swift in Sources */,
			);
			runOnlyForDeploymentPostprocessing = 0;
		};
		96A22D221D56884300CB8414 /* Sources */ = {
			isa = PBXSourcesBuildPhase;
			buildActionMask = 2147483647;
			files = (
				96A22D2B1D56884300CB8414 /* ProjectTouchiOSUITests.swift in Sources */,
			);
			runOnlyForDeploymentPostprocessing = 0;
		};
/* End PBXSourcesBuildPhase section */

/* Begin PBXTargetDependency section */
		96A22D1D1D56884300CB8414 /* PBXTargetDependency */ = {
			isa = PBXTargetDependency;
			target = 96A22D031D56884300CB8414 /* ProjectTouchiOS */;
			targetProxy = 96A22D1C1D56884300CB8414 /* PBXContainerItemProxy */;
		};
		96A22D281D56884300CB8414 /* PBXTargetDependency */ = {
			isa = PBXTargetDependency;
			target = 96A22D031D56884300CB8414 /* ProjectTouchiOS */;
			targetProxy = 96A22D271D56884300CB8414 /* PBXContainerItemProxy */;
		};
/* End PBXTargetDependency section */

/* Begin PBXVariantGroup section */
		96A22D0B1D56884300CB8414 /* Main.storyboard */ = {
			isa = PBXVariantGroup;
			children = (
				96A22D0C1D56884300CB8414 /* Base */,
			);
			name = Main.storyboard;
			sourceTree = "<group>";
		};
		96A22D131D56884300CB8414 /* LaunchScreen.storyboard */ = {
			isa = PBXVariantGroup;
			children = (
				96A22D141D56884300CB8414 /* Base */,
			);
			name = LaunchScreen.storyboard;
			sourceTree = "<group>";
		};
/* End PBXVariantGroup section */

/* Begin XCBuildConfiguration section */
		96A22D2D1D56884300CB8414 /* Debug */ = {
			isa = XCBuildConfiguration;
			buildSettings = {
				ALWAYS_SEARCH_USER_PATHS = NO;
				CLANG_ANALYZER_NONNULL = YES;
				CLANG_CXX_LANGUAGE_STANDARD = "gnu++0x";
				CLANG_CXX_LIBRARY = "libc++";
				CLANG_ENABLE_MODULES = YES;
				CLANG_ENABLE_OBJC_ARC = YES;
				CLANG_WARN_BOOL_CONVERSION = YES;
				CLANG_WARN_CONSTANT_CONVERSION = YES;
				CLANG_WARN_DIRECT_OBJC_ISA_USAGE = YES_ERROR;
				CLANG_WARN_EMPTY_BODY = YES;
				CLANG_WARN_ENUM_CONVERSION = YES;
				CLANG_WARN_INT_CONVERSION = YES;
				CLANG_WARN_OBJC_ROOT_CLASS = YES_ERROR;
				CLANG_WARN_UNREACHABLE_CODE = YES;
				CLANG_WARN__DUPLICATE_METHOD_MATCH = YES;
				"CODE_SIGN_IDENTITY[sdk=iphoneos*]" = "iPhone Developer";
				COPY_PHASE_STRIP = NO;
				DEBUG_INFORMATION_FORMAT = dwarf;
				ENABLE_STRICT_OBJC_MSGSEND = YES;
				ENABLE_TESTABILITY = YES;
				GCC_C_LANGUAGE_STANDARD = gnu99;
				GCC_DYNAMIC_NO_PIC = NO;
				GCC_NO_COMMON_BLOCKS = YES;
				GCC_OPTIMIZATION_LEVEL = 0;
				GCC_PREPROCESSOR_DEFINITIONS = (
					"DEBUG=1",
					"$(inherited)",
				);
				GCC_WARN_64_TO_32_BIT_CONVERSION = YES;
				GCC_WARN_ABOUT_RETURN_TYPE = YES_ERROR;
				GCC_WARN_UNDECLARED_SELECTOR = YES;
				GCC_WARN_UNINITIALIZED_AUTOS = YES_AGGRESSIVE;
				GCC_WARN_UNUSED_FUNCTION = YES;
				GCC_WARN_UNUSED_VARIABLE = YES;
				IPHONEOS_DEPLOYMENT_TARGET = 9.3;
				MTL_ENABLE_DEBUG_INFO = YES;
				ONLY_ACTIVE_ARCH = YES;
				SDKROOT = iphoneos;
				SWIFT_OPTIMIZATION_LEVEL = "-Onone";
				TARGETED_DEVICE_FAMILY = 2;
			};
			name = Debug;
		};
		96A22D2E1D56884300CB8414 /* Release */ = {
			isa = XCBuildConfiguration;
			buildSettings = {
				ALWAYS_SEARCH_USER_PATHS = NO;
				CLANG_ANALYZER_NONNULL = YES;
				CLANG_CXX_LANGUAGE_STANDARD = "gnu++0x";
				CLANG_CXX_LIBRARY = "libc++";
				CLANG_ENABLE_MODULES = YES;
				CLANG_ENABLE_OBJC_ARC = YES;
				CLANG_WARN_BOOL_CONVERSION = YES;
				CLANG_WARN_CONSTANT_CONVERSION = YES;
				CLANG_WARN_DIRECT_OBJC_ISA_USAGE = YES_ERROR;
				CLANG_WARN_EMPTY_BODY = YES;
				CLANG_WARN_ENUM_CONVERSION = YES;
				CLANG_WARN_INT_CONVERSION = YES;
				CLANG_WARN_OBJC_ROOT_CLASS = YES_ERROR;
				CLANG_WARN_UNREACHABLE_CODE = YES;
				CLANG_WARN__DUPLICATE_METHOD_MATCH = YES;
				"CODE_SIGN_IDENTITY[sdk=iphoneos*]" = "iPhone Developer";
				COPY_PHASE_STRIP = NO;
				DEBUG_INFORMATION_FORMAT = "dwarf-with-dsym";
				ENABLE_NS_ASSERTIONS = NO;
				ENABLE_STRICT_OBJC_MSGSEND = YES;
				GCC_C_LANGUAGE_STANDARD = gnu99;
				GCC_NO_COMMON_BLOCKS = YES;
				GCC_WARN_64_TO_32_BIT_CONVERSION = YES;
				GCC_WARN_ABOUT_RETURN_TYPE = YES_ERROR;
				GCC_WARN_UNDECLARED_SELECTOR = YES;
				GCC_WARN_UNINITIALIZED_AUTOS = YES_AGGRESSIVE;
				GCC_WARN_UNUSED_FUNCTION = YES;
				GCC_WARN_UNUSED_VARIABLE = YES;
				IPHONEOS_DEPLOYMENT_TARGET = 9.3;
				MTL_ENABLE_DEBUG_INFO = NO;
				SDKROOT = iphoneos;
				TARGETED_DEVICE_FAMILY = 2;
				VALIDATE_PRODUCT = YES;
			};
			name = Release;
		};
		96A22D301D56884300CB8414 /* Debug */ = {
			isa = XCBuildConfiguration;
			buildSettings = {
				ASSETCATALOG_COMPILER_APPICON_NAME = AppIcon;
				CODE_SIGN_IDENTITY = "iPhone Developer";
				"CODE_SIGN_IDENTITY[sdk=iphoneos*]" = "iPhone Developer";
				INFOPLIST_FILE = ProjectTouchiOS/Info.plist;
				LD_RUNPATH_SEARCH_PATHS = "$(inherited) @executable_path/Frameworks";
				PRODUCT_BUNDLE_IDENTIFIER = com.app.ProjectTouchiOS;
				PRODUCT_NAME = "$(TARGET_NAME)";
				PROVISIONING_PROFILE = "";
			};
			name = Debug;
		};
		96A22D311D56884300CB8414 /* Release */ = {
			isa = XCBuildConfiguration;
			buildSettings = {
				ASSETCATALOG_COMPILER_APPICON_NAME = AppIcon;
				CODE_SIGN_IDENTITY = "iPhone Developer";
				"CODE_SIGN_IDENTITY[sdk=iphoneos*]" = "iPhone Developer";
				INFOPLIST_FILE = ProjectTouchiOS/Info.plist;
				LD_RUNPATH_SEARCH_PATHS = "$(inherited) @executable_path/Frameworks";
				PRODUCT_BUNDLE_IDENTIFIER = com.app.ProjectTouchiOS;
				PRODUCT_NAME = "$(TARGET_NAME)";
				PROVISIONING_PROFILE = "";
			};
			name = Release;
		};
		96A22D331D56884300CB8414 /* Debug */ = {
			isa = XCBuildConfiguration;
			buildSettings = {
				BUNDLE_LOADER = "$(TEST_HOST)";
				INFOPLIST_FILE = ProjectTouchiOSTests/Info.plist;
				LD_RUNPATH_SEARCH_PATHS = "$(inherited) @executable_path/Frameworks @loader_path/Frameworks";
				PRODUCT_BUNDLE_IDENTIFIER = com.app.ProjectTouchiOSTests;
				PRODUCT_NAME = "$(TARGET_NAME)";
				TEST_HOST = "$(BUILT_PRODUCTS_DIR)/ProjectTouchiOS.app/ProjectTouchiOS";
			};
			name = Debug;
		};
		96A22D341D56884300CB8414 /* Release */ = {
			isa = XCBuildConfiguration;
			buildSettings = {
				BUNDLE_LOADER = "$(TEST_HOST)";
				INFOPLIST_FILE = ProjectTouchiOSTests/Info.plist;
				LD_RUNPATH_SEARCH_PATHS = "$(inherited) @executable_path/Frameworks @loader_path/Frameworks";
				PRODUCT_BUNDLE_IDENTIFIER = com.app.ProjectTouchiOSTests;
				PRODUCT_NAME = "$(TARGET_NAME)";
				TEST_HOST = "$(BUILT_PRODUCTS_DIR)/ProjectTouchiOS.app/ProjectTouchiOS";
			};
			name = Release;
		};
		96A22D361D56884300CB8414 /* Debug */ = {
			isa = XCBuildConfiguration;
			buildSettings = {
				INFOPLIST_FILE = ProjectTouchiOSUITests/Info.plist;
				LD_RUNPATH_SEARCH_PATHS = "$(inherited) @executable_path/Frameworks @loader_path/Frameworks";
				PRODUCT_BUNDLE_IDENTIFIER = com.app.ProjectTouchiOSUITests;
				PRODUCT_NAME = "$(TARGET_NAME)";
				TEST_TARGET_NAME = ProjectTouchiOS;
			};
			name = Debug;
		};
		96A22D371D56884300CB8414 /* Release */ = {
			isa = XCBuildConfiguration;
			buildSettings = {
				INFOPLIST_FILE = ProjectTouchiOSUITests/Info.plist;
				LD_RUNPATH_SEARCH_PATHS = "$(inherited) @executable_path/Frameworks @loader_path/Frameworks";
				PRODUCT_BUNDLE_IDENTIFIER = com.app.ProjectTouchiOSUITests;
				PRODUCT_NAME = "$(TARGET_NAME)";
				TEST_TARGET_NAME = ProjectTouchiOS;
			};
			name = Release;
		};
/* End XCBuildConfiguration section */

/* Begin XCConfigurationList section */
		96A22CFF1D56884300CB8414 /* Build configuration list for PBXProject "ProjectTouchiOS" */ = {
			isa = XCConfigurationList;
			buildConfigurations = (
				96A22D2D1D56884300CB8414 /* Debug */,
				96A22D2E1D56884300CB8414 /* Release */,
			);
			defaultConfigurationIsVisible = 0;
			defaultConfigurationName = Release;
		};
		96A22D2F1D56884300CB8414 /* Build configuration list for PBXNativeTarget "ProjectTouchiOS" */ = {
			isa = XCConfigurationList;
			buildConfigurations = (
				96A22D301D56884300CB8414 /* Debug */,
				96A22D311D56884300CB8414 /* Release */,
			);
			defaultConfigurationIsVisible = 0;
			defaultConfigurationName = Release;
		};
		96A22D321D56884300CB8414 /* Build configuration list for PBXNativeTarget "ProjectTouchiOSTests" */ = {
			isa = XCConfigurationList;
			buildConfigurations = (
				96A22D331D56884300CB8414 /* Debug */,
				96A22D341D56884300CB8414 /* Release */,
			);
			defaultConfigurationIsVisible = 0;
			defaultConfigurationName = Release;
		};
		96A22D351D56884300CB8414 /* Build configuration list for PBXNativeTarget "ProjectTouchiOSUITests" */ = {
			isa = XCConfigurationList;
			buildConfigurations = (
				96A22D361D56884300CB8414 /* Debug */,
				96A22D371D56884300CB8414 /* Release */,
			);
			defaultConfigurationIsVisible = 0;
			defaultConfigurationName = Release;
		};
/* End XCConfigurationList section */

/* Begin XCVersionGroup section */
		96A22D0E1D56884300CB8414 /* ProjectTouchiOS.xcdatamodeld */ = {
			isa = XCVersionGroup;
			children = (
				96A22D0F1D56884300CB8414 /* ProjectTouchiOS.xcdatamodel */,
			);
			currentVersion = 96A22D0F1D56884300CB8414 /* ProjectTouchiOS.xcdatamodel */;
			path = ProjectTouchiOS.xcdatamodeld;
			sourceTree = "<group>";
			versionGroupType = wrapper.xcdatamodel;
		};
/* End XCVersionGroup section */
	};
	rootObject = 96A22CFC1D56884300CB8414 /* Project object */;
}
